
Microsoft Visual Studio Solution File, Format Version 12.00
# Visual Studio 2012
Project("{FAE04EC0-301F-11D3-BF4B-00C04F79EFBC}") = "Palindrome-Checker", "Palindrome-Checker\Palindrome-Checker.csproj", "{CFE7EA35-E0C9-4FCA-848C-85AAB952C059}"
EndProject
Project("{FAE04EC0-301F-11D3-BF4B-00C04F79EFBC}") = "Palindrome-Checker-Test", "Palindrome-Checker-Test\Palindrome-Checker-Test.csproj", "{79D50EC6-58BB-48BC-BC0B-51B2DB6E349D}"
EndProject
Global
	GlobalSection(SolutionConfigurationPlatforms) = preSolution
		Debug|Any CPU = Debug|Any CPU
		Release|Any CPU = Release|Any CPU
	EndGlobalSection
	GlobalSection(ProjectConfigurationPlatforms) = postSolution
		{CFE7EA35-E0C9-4FCA-848C-85AAB952C059}.Debug|Any CPU.ActiveCfg = Debug|Any CPU
		{CFE7EA35-E0C9-4FCA-848C-85AAB952C059}.Debug|Any CPU.Build.0 = Debug|Any CPU
		{CFE7EA35-E0C9-4FCA-848C-85AAB952C059}.Release|Any CPU.ActiveCfg = Release|Any CPU
		{CFE7EA35-E0C9-4FCA-848C-85AAB952C059}.Release|Any CPU.Build.0 = Release|Any CPU
		{79D50EC6-58BB-48BC-BC0B-51B2DB6E349D}.Debug|Any CPU.ActiveCfg = Debug|Any CPU
		{79D50EC6-58BB-48BC-BC0B-51B2DB6E349D}.Debug|Any CPU.Build.0 = Debug|Any CPU
		{79D50EC6-58BB-48BC-BC0B-51B2DB6E349D}.Release|Any CPU.ActiveCfg = Release|Any CPU
		{79D50EC6-58BB-48BC-BC0B-51B2DB6E349D}.Release|Any CPU.Build.0 = Release|Any CPU
	EndGlobalSection
EndGlobal
